
Microsoft Visual Studio Solution File, Format Version 12.00
Project("{FAE04EC0-301F-11D3-BF4B-00C04F79EFBC}") = "Trackmania AI Trainer", "Trackmania AI Trainer\Trackmania AI Trainer.csproj", "{DCC510B1-2573-4285-BB4F-6F5898B03DC2}"
EndProject
Global
	GlobalSection(SolutionConfigurationPlatforms) = preSolution
		Debug|Any CPU = Debug|Any CPU
		Release|Any CPU = Release|Any CPU
	EndGlobalSection
	GlobalSection(ProjectConfigurationPlatforms) = postSolution
		{DCC510B1-2573-4285-BB4F-6F5898B03DC2}.Debug|Any CPU.ActiveCfg = Debug|Any CPU
		{DCC510B1-2573-4285-BB4F-6F5898B03DC2}.Debug|Any CPU.Build.0 = Debug|Any CPU
		{DCC510B1-2573-4285-BB4F-6F5898B03DC2}.Release|Any CPU.ActiveCfg = Release|Any CPU
		{DCC510B1-2573-4285-BB4F-6F5898B03DC2}.Release|Any CPU.Build.0 = Release|Any CPU
	EndGlobalSection
EndGlobal
